
Microsoft Visual Studio Solution File, Format Version 12.00
# Visual Studio Version 16
VisualStudioVersion = 16.0.31729.503
MinimumVisualStudioVersion = 10.0.40219.1
Project("{FAE04EC0-301F-11D3-BF4B-00C04F79EFBC}") = "MethodsWithLoopsAndConditionals", "MethodsWithLoopsAndConditionals\MethodsWithLoopsAndConditionals.csproj", "{003A4F96-9EDC-417E-A8A6-18D001136786}"
EndProject
Global
	GlobalSection(SolutionConfigurationPlatforms) = preSolution
		Debug|Any CPU = Debug|Any CPU
		Release|Any CPU = Release|Any CPU
	EndGlobalSection
	GlobalSection(ProjectConfigurationPlatforms) = postSolution
		{003A4F96-9EDC-417E-A8A6-18D001136786}.Debug|Any CPU.ActiveCfg = Debug|Any CPU
		{003A4F96-9EDC-417E-A8A6-18D001136786}.Debug|Any CPU.Build.0 = Debug|Any CPU
		{003A4F96-9EDC-417E-A8A6-18D001136786}.Release|Any CPU.ActiveCfg = Release|Any CPU
		{003A4F96-9EDC-417E-A8A6-18D001136786}.Release|Any CPU.Build.0 = Release|Any CPU
	EndGlobalSection
	GlobalSection(SolutionProperties) = preSolution
		HideSolutionNode = FALSE
	EndGlobalSection
	GlobalSection(ExtensibilityGlobals) = postSolution
		SolutionGuid = {248DA175-F187-479D-AAFB-CE4B22D17B2F}
	EndGlobalSection
EndGlobal
